
Microsoft Visual Studio Solution File, Format Version 12.00
# Visual Studio Version 17
VisualStudioVersion = 17.6.33815.320
MinimumVisualStudioVersion = 10.0.40219.1
Project("{8BC9CEB8-8B4A-11D0-8D11-00A0C91BC942}") = "tempP", "tempP\tempP.vcxproj", "{A821A166-4ADB-4B0A-9457-7B0A22EE09FE}"
EndProject
Project("{8BC9CEB8-8B4A-11D0-8D11-00A0C91BC942}") = "tempP2", "tempP2\tempP2.vcxproj", "{2EE14EE9-2B13-4BCC-B2C6-D5610FD472A0}"
EndProject
Global
	GlobalSection(SolutionConfigurationPlatforms) = preSolution
		Debug|x64 = Debug|x64
		Debug|x86 = Debug|x86
		Release|x64 = Release|x64
		Release|x86 = Release|x86
	EndGlobalSection
	GlobalSection(ProjectConfigurationPlatforms) = postSolution
		{A821A166-4ADB-4B0A-9457-7B0A22EE09FE}.Debug|x64.ActiveCfg = Debug|x64
		{A821A166-4ADB-4B0A-9457-7B0A22EE09FE}.Debug|x64.Build.0 = Debug|x64
		{A821A166-4ADB-4B0A-9457-7B0A22EE09FE}.Debug|x86.ActiveCfg = Debug|Win32
		{A821A166-4ADB-4B0A-9457-7B0A22EE09FE}.Debug|x86.Build.0 = Debug|Win32
		{A821A166-4ADB-4B0A-9457-7B0A22EE09FE}.Release|x64.ActiveCfg = Release|x64
		{A821A166-4ADB-4B0A-9457-7B0A22EE09FE}.Release|x64.Build.0 = Release|x64
		{A821A166-4ADB-4B0A-9457-7B0A22EE09FE}.Release|x86.ActiveCfg = Release|Win32
		{A821A166-4ADB-4B0A-9457-7B0A22EE09FE}.Release|x86.Build.0 = Release|Win32
		{2EE14EE9-2B13-4BCC-B2C6-D5610FD472A0}.Debug|x64.ActiveCfg = Debug|x64
		{2EE14EE9-2B13-4BCC-B2C6-D5610FD472A0}.Debug|x64.Build.0 = Debug|x64
		{2EE14EE9-2B13-4BCC-B2C6-D5610FD472A0}.Debug|x86.ActiveCfg = Debug|Win32
		{2EE14EE9-2B13-4BCC-B2C6-D5610FD472A0}.Debug|x86.Build.0 = Debug|Win32
		{2EE14EE9-2B13-4BCC-B2C6-D5610FD472A0}.Release|x64.ActiveCfg = Release|x64
		{2EE14EE9-2B13-4BCC-B2C6-D5610FD472A0}.Release|x64.Build.0 = Release|x64
		{2EE14EE9-2B13-4BCC-B2C6-D5610FD472A0}.Release|x86.ActiveCfg = Release|Win32
		{2EE14EE9-2B13-4BCC-B2C6-D5610FD472A0}.Release|x86.Build.0 = Release|Win32
	EndGlobalSection
	GlobalSection(SolutionProperties) = preSolution
		HideSolutionNode = FALSE
	EndGlobalSection
	GlobalSection(ExtensibilityGlobals) = postSolution
		SolutionGuid = {15CF16C9-638B-4CA8-91AC-DDF8B1A30E2B}
	EndGlobalSection
EndGlobal
